
Microsoft Visual Studio Solution File, Format Version 12.00
Project("{2150E333-8FDC-42A3-9474-1A3956D46DE8}") = "src", "src", "{7355F669-8D0F-4914-9FCA-27160272328D}"
EndProject
Project("{FAE04EC0-301F-11D3-BF4B-00C04F79EFBC}") = "Structural", "Structural\Structural.csproj", "{36C2FD8B-CDD9-4A39-8909-72256A15B397}"
EndProject
Global
	GlobalSection(SolutionConfigurationPlatforms) = preSolution
		Debug|Any CPU = Debug|Any CPU
		Release|Any CPU = Release|Any CPU
	EndGlobalSection
	GlobalSection(ProjectConfigurationPlatforms) = postSolution
		{36C2FD8B-CDD9-4A39-8909-72256A15B397}.Debug|Any CPU.ActiveCfg = Debug|Any CPU
		{36C2FD8B-CDD9-4A39-8909-72256A15B397}.Debug|Any CPU.Build.0 = Debug|Any CPU
		{36C2FD8B-CDD9-4A39-8909-72256A15B397}.Release|Any CPU.ActiveCfg = Release|Any CPU
		{36C2FD8B-CDD9-4A39-8909-72256A15B397}.Release|Any CPU.Build.0 = Release|Any CPU
	EndGlobalSection
	GlobalSection(NestedProjects) = preSolution
		{36C2FD8B-CDD9-4A39-8909-72256A15B397} = {7355F669-8D0F-4914-9FCA-27160272328D}
	EndGlobalSection
EndGlobal
